// !$*UTF8*$!
{
	archiveVersion = 1;
	classes = {
	};
	objectVersion = 56;
	objects = {

/* Begin PBXBuildFile section */
		74315AFA2EE1EF3800BC3F9F /* RankingView.swift in Sources */ = {isa = PBXBuildFile; fileRef = 74315AF92EE1EF3800BC3F9F /* RankingView.swift */; };
		74729E802EB3C98F00D41A34 /* apkaApp.swift in Sources */ = {isa = PBXBuildFile; fileRef = 74729E7F2EB3C98F00D41A34 /* apkaApp.swift */; };
		74729E822EB3C98F00D41A34 /* ContentView.swift in Sources */ = {isa = PBXBuildFile; fileRef = 74729E812EB3C98F00D41A34 /* ContentView.swift */; };
		74729E842EB3C99000D41A34 /* Assets.xcassets in Resources */ = {isa = PBXBuildFile; fileRef = 74729E832EB3C99000D41A34 /* Assets.xcassets */; };
		74729E882EB3C99000D41A34 /* Preview Assets.xcassets in Resources */ = {isa = PBXBuildFile; fileRef = 74729E872EB3C99000D41A34 /* Preview Assets.xcassets */; };
		74729E922EB3C99000D41A34 /* apkaTests.swift in Sources */ = {isa = PBXBuildFile; fileRef = 74729E912EB3C99000D41A34 /* apkaTests.swift */; };
		74729E9C2EB3C99000D41A34 /* apkaUITests.swift in Sources */ = {isa = PBXBuildFile; fileRef = 74729E9B2EB3C99000D41A34 /* apkaUITests.swift */; };
		74729E9E2EB3C99000D41A34 /* apkaUITestsLaunchTests.swift in Sources */ = {isa = PBXBuildFile; fileRef = 74729E9D2EB3C99000D41A34 /* apkaUITestsLaunchTests.swift */; };
		749408A92EF446370096F4D5 /* Debt.swift in Sources */ = {isa = PBXBuildFile; fileRef = 749408A82EF446370096F4D5 /* Debt.swift */; };
		749408AB2EF4464C0096F4D5 /* GameExpense.swift in Sources */ = {isa = PBXBuildFile; fileRef = 749408AA2EF4464C0096F4D5 /* GameExpense.swift */; };
		749408AD2EF446630096F4D5 /* Settlement.swift in Sources */ = {isa = PBXBuildFile; fileRef = 749408AC2EF446630096F4D5 /* Settlement.swift */; };
		749408AF2EF446830096F4D5 /* MoneyViewModel.swift in Sources */ = {isa = PBXBuildFile; fileRef = 749408AE2EF446830096F4D5 /* MoneyViewModel.swift */; };
		749408B22EF446A50096F4D5 /* MoneyView.swift in Sources */ = {isa = PBXBuildFile; fileRef = 749408B12EF446A50096F4D5 /* MoneyView.swift */; };
		749408B42EF446B60096F4D5 /* AddDebtView.swift in Sources */ = {isa = PBXBuildFile; fileRef = 749408B32EF446B60096F4D5 /* AddDebtView.swift */; };
		749408B62EF446CA0096F4D5 /* AddGameExpenseView.swift in Sources */ = {isa = PBXBuildFile; fileRef = 749408B52EF446CA0096F4D5 /* AddGameExpenseView.swift */; };
		749408B82EF446DF0096F4D5 /* MyFinancesView.swift in Sources */ = {isa = PBXBuildFile; fileRef = 749408B72EF446DF0096F4D5 /* MyFinancesView.swift */; };
		749408BA2EF446F80096F4D5 /* SettlementView.swift in Sources */ = {isa = PBXBuildFile; fileRef = 749408B92EF446F80096F4D5 /* SettlementView.swift */; };
		749408C92F10195F0096F4D5 /* Messages.framework in Frameworks */ = {isa = PBXBuildFile; fileRef = 749408C82F10195F0096F4D5 /* Messages.framework */; };
		749408E22F101AC10096F4D5 /* Messages.framework in Frameworks */ = {isa = PBXBuildFile; fileRef = 749408C82F10195F0096F4D5 /* Messages.framework */; };
		74DC4B7C2ED78E800098ADA8 /* PlayDate.swift in Sources */ = {isa = PBXBuildFile; fileRef = 74DC4B7B2ED78E800098ADA8 /* PlayDate.swift */; };
		74DC4B7E2ED78E8E0098ADA8 /* MonthSection.swift in Sources */ = {isa = PBXBuildFile; fileRef = 74DC4B7D2ED78E8E0098ADA8 /* MonthSection.swift */; };
		74DC4B802ED78EA20098ADA8 /* CalendarViewModel.swift in Sources */ = {isa = PBXBuildFile; fileRef = 74DC4B7F2ED78EA20098ADA8 /* CalendarViewModel.swift */; };
		74DC4B862ED78F1C0098ADA8 /* CalendarView.swift in Sources */ = {isa = PBXBuildFile; fileRef = 74DC4B852ED78F1C0098ADA8 /* CalendarView.swift */; };
		74DC4B882ED78F340098ADA8 /* CalendarItem.swift in Sources */ = {isa = PBXBuildFile; fileRef = 74DC4B872ED78F340098ADA8 /* CalendarItem.swift */; };
		74DC4B8A2ED78F440098ADA8 /* Countdown.swift in Sources */ = {isa = PBXBuildFile; fileRef = 74DC4B892ED78F440098ADA8 /* Countdown.swift */; };
		74DC4B8C2ED78F590098ADA8 /* ManageCalendar.swift in Sources */ = {isa = PBXBuildFile; fileRef = 74DC4B8B2ED78F590098ADA8 /* ManageCalendar.swift */; };
		74DC4B8E2ED78F650098ADA8 /* AddGameView.swift in Sources */ = {isa = PBXBuildFile; fileRef = 74DC4B8D2ED78F650098ADA8 /* AddGameView.swift */; };
		74DC4B902ED78F840098ADA8 /* EditGameView.swift in Sources */ = {isa = PBXBuildFile; fileRef = 74DC4B8F2ED78F840098ADA8 /* EditGameView.swift */; };
		74DC4B922ED790350098ADA8 /* MainTabView.swift in Sources */ = {isa = PBXBuildFile; fileRef = 74DC4B912ED790350098ADA8 /* MainTabView.swift */; };
		74DC4B962ED797380098ADA8 /* Player.swift in Sources */ = {isa = PBXBuildFile; fileRef = 74DC4B952ED797380098ADA8 /* Player.swift */; };
		74DC4BA02ED797B00098ADA8 /* GameViewModel.swift in Sources */ = {isa = PBXBuildFile; fileRef = 74DC4B9F2ED797B00098ADA8 /* GameViewModel.swift */; };
		74DC4BA22ED797C00098ADA8 /* PokerViewModel.swift in Sources */ = {isa = PBXBuildFile; fileRef = 74DC4BA12ED797C00098ADA8 /* PokerViewModel.swift */; };
		74DC4BA42ED797D10098ADA8 /* BowlingViewModel.swift in Sources */ = {isa = PBXBuildFile; fileRef = 74DC4BA32ED797D10098ADA8 /* BowlingViewModel.swift */; };
		74DC4BA62ED797E20098ADA8 /* BillardViewModel.swift in Sources */ = {isa = PBXBuildFile; fileRef = 74DC4BA52ED797E20098ADA8 /* BillardViewModel.swift */; };
		74DC4BA82ED797F30098ADA8 /* PlayView.swift in Sources */ = {isa = PBXBuildFile; fileRef = 74DC4BA72ED797F30098ADA8 /* PlayView.swift */; };
		74DC4BAA2ED798030098ADA8 /* AddPlayerView.swift in Sources */ = {isa = PBXBuildFile; fileRef = 74DC4BA92ED798030098ADA8 /* AddPlayerView.swift */; };
		74DC4BAC2ED798190098ADA8 /* PokerGameView.swift in Sources */ = {isa = PBXBuildFile; fileRef = 74DC4BAB2ED798190098ADA8 /* PokerGameView.swift */; };
		74DC4BAE2ED798360098ADA8 /* BowlingGameView.swift in Sources */ = {isa = PBXBuildFile; fileRef = 74DC4BAD2ED798360098ADA8 /* BowlingGameView.swift */; };
		74DC4BB02ED7984C0098ADA8 /* BillardGameView.swift in Sources */ = {isa = PBXBuildFile; fileRef = 74DC4BAF2ED7984C0098ADA8 /* BillardGameView.swift */; };
/* End PBXBuildFile section */

/* Begin PBXContainerItemProxy section */
		74729E8E2EB3C99000D41A34 /* PBXContainerItemProxy */ = {
			isa = PBXContainerItemProxy;
			containerPortal = 74729E742EB3C98F00D41A34 /* Project object */;
			proxyType = 1;
			remoteGlobalIDString = 74729E7B2EB3C98F00D41A34;
			remoteInfo = apka;
		};
		74729E982EB3C99000D41A34 /* PBXContainerItemProxy */ = {
			isa = PBXContainerItemProxy;
			containerPortal = 74729E742EB3C98F00D41A34 /* Project object */;
			proxyType = 1;
			remoteGlobalIDString = 74729E7B2EB3C98F00D41A34;
			remoteInfo = apka;
		};
/* End PBXContainerItemProxy section */

/* Begin PBXFileReference section */
		74315AF92EE1EF3800BC3F9F /* RankingView.swift */ = {isa = PBXFileReference; lastKnownFileType = sourcecode.swift; path = RankingView.swift; sourceTree = "<group>"; };
		74729E7C2EB3C98F00D41A34 /* apka.app */ = {isa = PBXFileReference; explicitFileType = wrapper.application; includeInIndex = 0; path = apka.app; sourceTree = BUILT_PRODUCTS_DIR; };
		74729E7F2EB3C98F00D41A34 /* apkaApp.swift */ = {isa = PBXFileReference; lastKnownFileType = sourcecode.swift; path = apkaApp.swift; sourceTree = "<group>"; };
		74729E812EB3C98F00D41A34 /* ContentView.swift */ = {isa = PBXFileReference; lastKnownFileType = sourcecode.swift; path = ContentView.swift; sourceTree = "<group>"; };
		74729E832EB3C99000D41A34 /* Assets.xcassets */ = {isa = PBXFileReference; lastKnownFileType = folder.assetcatalog; path = Assets.xcassets; sourceTree = "<group>"; };
		74729E852EB3C99000D41A34 /* apka.entitlements */ = {isa = PBXFileReference; lastKnownFileType = text.plist.entitlements; path = apka.entitlements; sourceTree = "<group>"; };
		74729E872EB3C99000D41A34 /* Preview Assets.xcassets */ = {isa = PBXFileReference; lastKnownFileType = folder.assetcatalog; path = "Preview Assets.xcassets"; sourceTree = "<group>"; };
		74729E8D2EB3C99000D41A34 /* apkaTests.xctest */ = {isa = PBXFileReference; explicitFileType = wrapper.cfbundle; includeInIndex = 0; path = apkaTests.xctest; sourceTree = BUILT_PRODUCTS_DIR; };
		74729E912EB3C99000D41A34 /* apkaTests.swift */ = {isa = PBXFileReference; lastKnownFileType = sourcecode.swift; path = apkaTests.swift; sourceTree = "<group>"; };
		74729E972EB3C99000D41A34 /* apkaUITests.xctest */ = {isa = PBXFileReference; explicitFileType = wrapper.cfbundle; includeInIndex = 0; path = apkaUITests.xctest; sourceTree = BUILT_PRODUCTS_DIR; };
		74729E9B2EB3C99000D41A34 /* apkaUITests.swift */ = {isa = PBXFileReference; lastKnownFileType = sourcecode.swift; path = apkaUITests.swift; sourceTree = "<group>"; };
		74729E9D2EB3C99000D41A34 /* apkaUITestsLaunchTests.swift */ = {isa = PBXFileReference; lastKnownFileType = sourcecode.swift; path = apkaUITestsLaunchTests.swift; sourceTree = "<group>"; };
		749408A82EF446370096F4D5 /* Debt.swift */ = {isa = PBXFileReference; lastKnownFileType = sourcecode.swift; path = Debt.swift; sourceTree = "<group>"; };
		749408AA2EF4464C0096F4D5 /* GameExpense.swift */ = {isa = PBXFileReference; lastKnownFileType = sourcecode.swift; path = GameExpense.swift; sourceTree = "<group>"; };
		749408AC2EF446630096F4D5 /* Settlement.swift */ = {isa = PBXFileReference; lastKnownFileType = sourcecode.swift; path = Settlement.swift; sourceTree = "<group>"; };
		749408AE2EF446830096F4D5 /* MoneyViewModel.swift */ = {isa = PBXFileReference; lastKnownFileType = sourcecode.swift; path = MoneyViewModel.swift; sourceTree = "<group>"; };
		749408B12EF446A50096F4D5 /* MoneyView.swift */ = {isa = PBXFileReference; lastKnownFileType = sourcecode.swift; path = MoneyView.swift; sourceTree = "<group>"; };
		749408B32EF446B60096F4D5 /* AddDebtView.swift */ = {isa = PBXFileReference; lastKnownFileType = sourcecode.swift; path = AddDebtView.swift; sourceTree = "<group>"; };
		749408B52EF446CA0096F4D5 /* AddGameExpenseView.swift */ = {isa = PBXFileReference; lastKnownFileType = sourcecode.swift; path = AddGameExpenseView.swift; sourceTree = "<group>"; };
		749408B72EF446DF0096F4D5 /* MyFinancesView.swift */ = {isa = PBXFileReference; lastKnownFileType = sourcecode.swift; path = MyFinancesView.swift; sourceTree = "<group>"; };
		749408B92EF446F80096F4D5 /* SettlementView.swift */ = {isa = PBXFileReference; lastKnownFileType = sourcecode.swift; path = SettlementView.swift; sourceTree = "<group>"; };
		749408C62F10195F0096F4D5 /* IMessageExtension.appex */ = {isa = PBXFileReference; explicitFileType = "wrapper.app-extension"; includeInIndex = 0; path = IMessageExtension.appex; sourceTree = BUILT_PRODUCTS_DIR; };
		749408C82F10195F0096F4D5 /* Messages.framework */ = {isa = PBXFileReference; lastKnownFileType = wrapper.framework; name = Messages.framework; path = Library/Frameworks/Messages.framework; sourceTree = DEVELOPER_DIR; };
		749408E12F101AC10096F4D5 /* DebtMessages.appex */ = {isa = PBXFileReference; explicitFileType = "wrapper.app-extension"; includeInIndex = 0; path = DebtMessages.appex; sourceTree = BUILT_PRODUCTS_DIR; };
		74DC4B7B2ED78E800098ADA8 /* PlayDate.swift */ = {isa = PBXFileReference; lastKnownFileType = sourcecode.swift; path = PlayDate.swift; sourceTree = "<group>"; };
		74DC4B7D2ED78E8E0098ADA8 /* MonthSection.swift */ = {isa = PBXFileReference; lastKnownFileType = sourcecode.swift; path = MonthSection.swift; sourceTree = "<group>"; };
		74DC4B7F2ED78EA20098ADA8 /* CalendarViewModel.swift */ = {isa = PBXFileReference; lastKnownFileType = sourcecode.swift; path = CalendarViewModel.swift; sourceTree = "<group>"; };
		74DC4B852ED78F1C0098ADA8 /* CalendarView.swift */ = {isa = PBXFileReference; lastKnownFileType = sourcecode.swift; path = CalendarView.swift; sourceTree = "<group>"; };
		74DC4B872ED78F340098ADA8 /* CalendarItem.swift */ = {isa = PBXFileReference; lastKnownFileType = sourcecode.swift; path = CalendarItem.swift; sourceTree = "<group>"; };
		74DC4B892ED78F440098ADA8 /* Countdown.swift */ = {isa = PBXFileReference; lastKnownFileType = sourcecode.swift; path = Countdown.swift; sourceTree = "<group>"; };
		74DC4B8B2ED78F590098ADA8 /* ManageCalendar.swift */ = {isa = PBXFileReference; lastKnownFileType = sourcecode.swift; path = ManageCalendar.swift; sourceTree = "<group>"; };
		74DC4B8D2ED78F650098ADA8 /* AddGameView.swift */ = {isa = PBXFileReference; lastKnownFileType = sourcecode.swift; path = AddGameView.swift; sourceTree = "<group>"; };
		74DC4B8F2ED78F840098ADA8 /* EditGameView.swift */ = {isa = PBXFileReference; lastKnownFileType = sourcecode.swift; path = EditGameView.swift; sourceTree = "<group>"; };
		74DC4B912ED790350098ADA8 /* MainTabView.swift */ = {isa = PBXFileReference; lastKnownFileType = sourcecode.swift; path = MainTabView.swift; sourceTree = "<group>"; };
		74DC4B952ED797380098ADA8 /* Player.swift */ = {isa = PBXFileReference; lastKnownFileType = sourcecode.swift; path = Player.swift; sourceTree = "<group>"; };
		74DC4B9F2ED797B00098ADA8 /* GameViewModel.swift */ = {isa = PBXFileReference; lastKnownFileType = sourcecode.swift; path = GameViewModel.swift; sourceTree = "<group>"; };
		74DC4BA12ED797C00098ADA8 /* PokerViewModel.swift */ = {isa = PBXFileReference; lastKnownFileType = sourcecode.swift; path = PokerViewModel.swift; sourceTree = "<group>"; };
		74DC4BA32ED797D10098ADA8 /* BowlingViewModel.swift */ = {isa = PBXFileReference; lastKnownFileType = sourcecode.swift; path = BowlingViewModel.swift; sourceTree = "<group>"; };
		74DC4BA52ED797E20098ADA8 /* BillardViewModel.swift */ = {isa = PBXFileReference; lastKnownFileType = sourcecode.swift; path = BillardViewModel.swift; sourceTree = "<group>"; };
		74DC4BA72ED797F30098ADA8 /* PlayView.swift */ = {isa = PBXFileReference; lastKnownFileType = sourcecode.swift; path = PlayView.swift; sourceTree = "<group>"; };
		74DC4BA92ED798030098ADA8 /* AddPlayerView.swift */ = {isa = PBXFileReference; lastKnownFileType = sourcecode.swift; path = AddPlayerView.swift; sourceTree = "<group>"; };
		74DC4BAB2ED798190098ADA8 /* PokerGameView.swift */ = {isa = PBXFileReference; lastKnownFileType = sourcecode.swift; path = PokerGameView.swift; sourceTree = "<group>"; };
		74DC4BAD2ED798360098ADA8 /* BowlingGameView.swift */ = {isa = PBXFileReference; lastKnownFileType = sourcecode.swift; path = BowlingGameView.swift; sourceTree = "<group>"; };
		74DC4BAF2ED7984C0098ADA8 /* BillardGameView.swift */ = {isa = PBXFileReference; lastKnownFileType = sourcecode.swift; path = BillardGameView.swift; sourceTree = "<group>"; };
/* End PBXFileReference section */

/* Begin PBXFrameworksBuildPhase section */
		74729E792EB3C98F00D41A34 /* Frameworks */ = {
			isa = PBXFrameworksBuildPhase;
			buildActionMask = 2147483647;
			files = (
			);
			runOnlyForDeploymentPostprocessing = 0;
		};
		74729E8A2EB3C99000D41A34 /* Frameworks */ = {
			isa = PBXFrameworksBuildPhase;
			buildActionMask = 2147483647;
			files = (
			);
			runOnlyForDeploymentPostprocessing = 0;
		};
		74729E942EB3C99000D41A34 /* Frameworks */ = {
			isa = PBXFrameworksBuildPhase;
			buildActionMask = 2147483647;
			files = (
			);
			runOnlyForDeploymentPostprocessing = 0;
		};
		749408C32F10195F0096F4D5 /* Frameworks */ = {
			isa = PBXFrameworksBuildPhase;
			buildActionMask = 2147483647;
			files = (
				749408C92F10195F0096F4D5 /* Messages.framework in Frameworks */,
			);
			runOnlyForDeploymentPostprocessing = 0;
		};
		749408DE2F101AC10096F4D5 /* Frameworks */ = {
			isa = PBXFrameworksBuildPhase;
			buildActionMask = 2147483647;
			files = (
				749408E22F101AC10096F4D5 /* Messages.framework in Frameworks */,
			);
			runOnlyForDeploymentPostprocessing = 0;
		};
/* End PBXFrameworksBuildPhase section */

/* Begin PBXGroup section */
		74729E732EB3C98F00D41A34 = {
			isa = PBXGroup;
			children = (
				74DC4B762ED78DFD0098ADA8 /* ViewModels */,
				74DC4B772ED78E080098ADA8 /* Views */,
				74DC4B782ED78E0F0098ADA8 /* Models */,
				74729E7E2EB3C98F00D41A34 /* apka */,
				74729E902EB3C99000D41A34 /* apkaTests */,
				74729E9A2EB3C99000D41A34 /* apkaUITests */,
				749408C72F10195F0096F4D5 /* Frameworks */,
				74729E7D2EB3C98F00D41A34 /* Products */,
			);
			sourceTree = "<group>";
		};
		74729E7D2EB3C98F00D41A34 /* Products */ = {
			isa = PBXGroup;
			children = (
				74729E7C2EB3C98F00D41A34 /* apka.app */,
				74729E8D2EB3C99000D41A34 /* apkaTests.xctest */,
				74729E972EB3C99000D41A34 /* apkaUITests.xctest */,
				749408C62F10195F0096F4D5 /* IMessageExtension.appex */,
				749408E12F101AC10096F4D5 /* DebtMessages.appex */,
			);
			name = Products;
			sourceTree = "<group>";
		};
		74729E7E2EB3C98F00D41A34 /* apka */ = {
			isa = PBXGroup;
			children = (
				74729E7F2EB3C98F00D41A34 /* apkaApp.swift */,
				74729E812EB3C98F00D41A34 /* ContentView.swift */,
				74729E832EB3C99000D41A34 /* Assets.xcassets */,
				74729E852EB3C99000D41A34 /* apka.entitlements */,
				74729E862EB3C99000D41A34 /* Preview Content */,
			);
			path = apka;
			sourceTree = "<group>";
		};
		74729E862EB3C99000D41A34 /* Preview Content */ = {
			isa = PBXGroup;
			children = (
				74729E872EB3C99000D41A34 /* Preview Assets.xcassets */,
			);
			path = "Preview Content";
			sourceTree = "<group>";
		};
		74729E902EB3C99000D41A34 /* apkaTests */ = {
			isa = PBXGroup;
			children = (
				74729E912EB3C99000D41A34 /* apkaTests.swift */,
			);
			path = apkaTests;
			sourceTree = "<group>";
		};
		74729E9A2EB3C99000D41A34 /* apkaUITests */ = {
			isa = PBXGroup;
			children = (
				74729E9B2EB3C99000D41A34 /* apkaUITests.swift */,
				74729E9D2EB3C99000D41A34 /* apkaUITestsLaunchTests.swift */,
			);
			path = apkaUITests;
			sourceTree = "<group>";
		};
		749408B02EF446900096F4D5 /* MoneyViews */ = {
			isa = PBXGroup;
			children = (
				749408B12EF446A50096F4D5 /* MoneyView.swift */,
				749408B32EF446B60096F4D5 /* AddDebtView.swift */,
				749408B52EF446CA0096F4D5 /* AddGameExpenseView.swift */,
				749408B72EF446DF0096F4D5 /* MyFinancesView.swift */,
				749408B92EF446F80096F4D5 /* SettlementView.swift */,
			);
			path = MoneyViews;
			sourceTree = "<group>";
		};
		749408BC2EF45FF30096F4D5 /* CalendarViews */ = {
			isa = PBXGroup;
			children = (
				74DC4B8B2ED78F590098ADA8 /* ManageCalendar.swift */,
				74DC4B892ED78F440098ADA8 /* Countdown.swift */,
				74DC4B872ED78F340098ADA8 /* CalendarItem.swift */,
				74DC4B852ED78F1C0098ADA8 /* CalendarView.swift */,
			);
			path = CalendarViews;
			sourceTree = "<group>";
		};
		749408BD2EF460590096F4D5 /* GameViews */ = {
			isa = PBXGroup;
			children = (
				74DC4BAB2ED798190098ADA8 /* PokerGameView.swift */,
				74DC4BAD2ED798360098ADA8 /* BowlingGameView.swift */,
				74DC4BAF2ED7984C0098ADA8 /* BillardGameView.swift */,
				74DC4BA72ED797F30098ADA8 /* PlayView.swift */,
				74DC4BA92ED798030098ADA8 /* AddPlayerView.swift */,
				74DC4B8D2ED78F650098ADA8 /* AddGameView.swift */,
				74DC4B8F2ED78F840098ADA8 /* EditGameView.swift */,
			);
			path = GameViews;
			sourceTree = "<group>";
		};
		749408BF2EF460B20096F4D5 /* RankingViews */ = {
			isa = PBXGroup;
			children = (
			);
			path = RankingViews;
			sourceTree = "<group>";
		};
		749408C72F10195F0096F4D5 /* Frameworks */ = {
			isa = PBXGroup;
			children = (
				749408C82F10195F0096F4D5 /* Messages.framework */,
			);
			name = Frameworks;
			sourceTree = "<group>";
		};
		74DC4B762ED78DFD0098ADA8 /* ViewModels */ = {
			isa = PBXGroup;
			children = (
				74DC4B7F2ED78EA20098ADA8 /* CalendarViewModel.swift */,
				74DC4B9F2ED797B00098ADA8 /* GameViewModel.swift */,
				74DC4BA12ED797C00098ADA8 /* PokerViewModel.swift */,
				74DC4BA32ED797D10098ADA8 /* BowlingViewModel.swift */,
				74DC4BA52ED797E20098ADA8 /* BillardViewModel.swift */,
				749408AE2EF446830096F4D5 /* MoneyViewModel.swift */,
			);
			name = ViewModels;
			path = Views/ViewModels;
			sourceTree = "<group>";
		};
		74DC4B772ED78E080098ADA8 /* Views */ = {
			isa = PBXGroup;
			children = (
				749408BF2EF460B20096F4D5 /* RankingViews */,
				749408BD2EF460590096F4D5 /* GameViews */,
				749408BC2EF45FF30096F4D5 /* CalendarViews */,
				749408B02EF446900096F4D5 /* MoneyViews */,
				74DC4B912ED790350098ADA8 /* MainTabView.swift */,
				74315AF92EE1EF3800BC3F9F /* RankingView.swift */,
			);
			path = Views;
			sourceTree = "<group>";
		};
		74DC4B782ED78E0F0098ADA8 /* Models */ = {
			isa = PBXGroup;
			children = (
				74DC4B7B2ED78E800098ADA8 /* PlayDate.swift */,
				74DC4B7D2ED78E8E0098ADA8 /* MonthSection.swift */,
				74DC4B952ED797380098ADA8 /* Player.swift */,
				749408A82EF446370096F4D5 /* Debt.swift */,
				749408AA2EF4464C0096F4D5 /* GameExpense.swift */,
				749408AC2EF446630096F4D5 /* Settlement.swift */,
			);
			path = Models;
			sourceTree = "<group>";
		};
/* End PBXGroup section */

/* Begin PBXNativeTarget section */
		74729E7B2EB3C98F00D41A34 /* apka */ = {
			isa = PBXNativeTarget;
			buildConfigurationList = 74729EA12EB3C99000D41A34 /* Build configuration list for PBXNativeTarget "apka" */;
			buildPhases = (
				74729E782EB3C98F00D41A34 /* Sources */,
				74729E792EB3C98F00D41A34 /* Frameworks */,
				74729E7A2EB3C98F00D41A34 /* Resources */,
			);
			buildRules = (
			);
			dependencies = (
			);
			name = apka;
			productName = apka;
			productReference = 74729E7C2EB3C98F00D41A34 /* apka.app */;
			productType = "com.apple.product-type.application";
		};
		74729E8C2EB3C99000D41A34 /* apkaTests */ = {
			isa = PBXNativeTarget;
			buildConfigurationList = 74729EA42EB3C99000D41A34 /* Build configuration list for PBXNativeTarget "apkaTests" */;
			buildPhases = (
				74729E892EB3C99000D41A34 /* Sources */,
				74729E8A2EB3C99000D41A34 /* Frameworks */,
				74729E8B2EB3C99000D41A34 /* Resources */,
			);
			buildRules = (
			);
			dependencies = (
				74729E8F2EB3C99000D41A34 /* PBXTargetDependency */,
			);
			name = apkaTests;
			productName = apkaTests;
			productReference = 74729E8D2EB3C99000D41A34 /* apkaTests.xctest */;
			productType = "com.apple.product-type.bundle.unit-test";
		};
		74729E962EB3C99000D41A34 /* apkaUITests */ = {
			isa = PBXNativeTarget;
			buildConfigurationList = 74729EA72EB3C99000D41A34 /* Build configuration list for PBXNativeTarget "apkaUITests" */;
			buildPhases = (
				74729E932EB3C99000D41A34 /* Sources */,
				74729E942EB3C99000D41A34 /* Frameworks */,
				74729E952EB3C99000D41A34 /* Resources */,
			);
			buildRules = (
			);
			dependencies = (
				74729E992EB3C99000D41A34 /* PBXTargetDependency */,
			);
			name = apkaUITests;
			productName = apkaUITests;
			productReference = 74729E972EB3C99000D41A34 /* apkaUITests.xctest */;
			productType = "com.apple.product-type.bundle.ui-testing";
		};
		749408C52F10195F0096F4D5 /* IMessageExtension */ = {
			isa = PBXNativeTarget;
			buildConfigurationList = 749408D92F1019610096F4D5 /* Build configuration list for PBXNativeTarget "IMessageExtension" */;
			buildPhases = (
				749408C22F10195F0096F4D5 /* Sources */,
				749408C32F10195F0096F4D5 /* Frameworks */,
				749408C42F10195F0096F4D5 /* Resources */,
			);
			buildRules = (
			);
			dependencies = (
			);
			name = IMessageExtension;
			productName = IMessageExtension;
			productReference = 749408C62F10195F0096F4D5 /* IMessageExtension.appex */;
			productType = "com.apple.product-type.app-extension.messages";
		};
		749408E02F101AC10096F4D5 /* DebtMessages */ = {
			isa = PBXNativeTarget;
			buildConfigurationList = 749408EF2F101AC20096F4D5 /* Build configuration list for PBXNativeTarget "DebtMessages" */;
			buildPhases = (
				749408DD2F101AC10096F4D5 /* Sources */,
				749408DE2F101AC10096F4D5 /* Frameworks */,
				749408DF2F101AC10096F4D5 /* Resources */,
			);
			buildRules = (
			);
			dependencies = (
			);
			name = DebtMessages;
			productName = DebtMessages;
			productReference = 749408E12F101AC10096F4D5 /* DebtMessages.appex */;
			productType = "com.apple.product-type.app-extension.messages";
		};
/* End PBXNativeTarget section */

/* Begin PBXProject section */
		74729E742EB3C98F00D41A34 /* Project object */ = {
			isa = PBXProject;
			attributes = {
				BuildIndependentTargetsInParallel = 1;
				LastSwiftUpdateCheck = 1520;
				LastUpgradeCheck = 1520;
				TargetAttributes = {
					74729E7B2EB3C98F00D41A34 = {
						CreatedOnToolsVersion = 15.2;
					};
					74729E8C2EB3C99000D41A34 = {
						CreatedOnToolsVersion = 15.2;
						TestTargetID = 74729E7B2EB3C98F00D41A34;
					};
					74729E962EB3C99000D41A34 = {
						CreatedOnToolsVersion = 15.2;
						TestTargetID = 74729E7B2EB3C98F00D41A34;
					};
					749408C52F10195F0096F4D5 = {
						CreatedOnToolsVersion = 15.2;
					};
					749408E02F101AC10096F4D5 = {
						CreatedOnToolsVersion = 15.2;
					};
				};
			};
			buildConfigurationList = 74729E772EB3C98F00D41A34 /* Build configuration list for PBXProject "apka" */;
			compatibilityVersion = "Xcode 14.0";
			developmentRegion = en;
			hasScannedForEncodings = 0;
			knownRegions = (
				en,
				Base,
			);
			mainGroup = 74729E732EB3C98F00D41A34;
			productRefGroup = 74729E7D2EB3C98F00D41A34 /* Products */;
			projectDirPath = "";
			projectRoot = "";
			targets = (
				74729E7B2EB3C98F00D41A34 /* apka */,
				74729E8C2EB3C99000D41A34 /* apkaTests */,
				74729E962EB3C99000D41A34 /* apkaUITests */,
				749408C52F10195F0096F4D5 /* IMessageExtension */,
				749408E02F101AC10096F4D5 /* DebtMessages */,
			);
		};
/* End PBXProject section */

/* Begin PBXResourcesBuildPhase section */
		74729E7A2EB3C98F00D41A34 /* Resources */ = {
			isa = PBXResourcesBuildPhase;
			buildActionMask = 2147483647;
			files = (
				74729E882EB3C99000D41A34 /* Preview Assets.xcassets in Resources */,
				74729E842EB3C99000D41A34 /* Assets.xcassets in Resources */,
			);
			runOnlyForDeploymentPostprocessing = 0;
		};
		74729E8B2EB3C99000D41A34 /* Resources */ = {
			isa = PBXResourcesBuildPhase;
			buildActionMask = 2147483647;
			files = (
			);
			runOnlyForDeploymentPostprocessing = 0;
		};
		74729E952EB3C99000D41A34 /* Resources */ = {
			isa = PBXResourcesBuildPhase;
			buildActionMask = 2147483647;
			files = (
			);
			runOnlyForDeploymentPostprocessing = 0;
		};
		749408C42F10195F0096F4D5 /* Resources */ = {
			isa = PBXResourcesBuildPhase;
			buildActionMask = 2147483647;
			files = (
			);
			runOnlyForDeploymentPostprocessing = 0;
		};
		749408DF2F101AC10096F4D5 /* Resources */ = {
			isa = PBXResourcesBuildPhase;
			buildActionMask = 2147483647;
			files = (
			);
			runOnlyForDeploymentPostprocessing = 0;
		};
/* End PBXResourcesBuildPhase section */

/* Begin PBXSourcesBuildPhase section */
		74729E782EB3C98F00D41A34 /* Sources */ = {
			isa = PBXSourcesBuildPhase;
			buildActionMask = 2147483647;
			files = (
				74DC4BAA2ED798030098ADA8 /* AddPlayerView.swift in Sources */,
				74DC4BA02ED797B00098ADA8 /* GameViewModel.swift in Sources */,
				74DC4BA22ED797C00098ADA8 /* PokerViewModel.swift in Sources */,
				749408B62EF446CA0096F4D5 /* AddGameExpenseView.swift in Sources */,
				74DC4B7E2ED78E8E0098ADA8 /* MonthSection.swift in Sources */,
				74DC4B902ED78F840098ADA8 /* EditGameView.swift in Sources */,
				74DC4B7C2ED78E800098ADA8 /* PlayDate.swift in Sources */,
				74DC4B8E2ED78F650098ADA8 /* AddGameView.swift in Sources */,
				749408A92EF446370096F4D5 /* Debt.swift in Sources */,
				74DC4BA42ED797D10098ADA8 /* BowlingViewModel.swift in Sources */,
				74DC4BA62ED797E20098ADA8 /* BillardViewModel.swift in Sources */,
				749408B22EF446A50096F4D5 /* MoneyView.swift in Sources */,
				74DC4BA82ED797F30098ADA8 /* PlayView.swift in Sources */,
				749408AF2EF446830096F4D5 /* MoneyViewModel.swift in Sources */,
				74DC4B962ED797380098ADA8 /* Player.swift in Sources */,
				74DC4B862ED78F1C0098ADA8 /* CalendarView.swift in Sources */,
				74315AFA2EE1EF3800BC3F9F /* RankingView.swift in Sources */,
				74DC4BAE2ED798360098ADA8 /* BowlingGameView.swift in Sources */,
				74DC4B8A2ED78F440098ADA8 /* Countdown.swift in Sources */,
				74DC4B882ED78F340098ADA8 /* CalendarItem.swift in Sources */,
				749408B42EF446B60096F4D5 /* AddDebtView.swift in Sources */,
				74DC4BB02ED7984C0098ADA8 /* BillardGameView.swift in Sources */,
				749408B82EF446DF0096F4D5 /* MyFinancesView.swift in Sources */,
				74729E822EB3C98F00D41A34 /* ContentView.swift in Sources */,
				74729E802EB3C98F00D41A34 /* apkaApp.swift in Sources */,
				74DC4BAC2ED798190098ADA8 /* PokerGameView.swift in Sources */,
				74DC4B8C2ED78F590098ADA8 /* ManageCalendar.swift in Sources */,
				74DC4B802ED78EA20098ADA8 /* CalendarViewModel.swift in Sources */,
				749408AB2EF4464C0096F4D5 /* GameExpense.swift in Sources */,
				749408BA2EF446F80096F4D5 /* SettlementView.swift in Sources */,
				749408AD2EF446630096F4D5 /* Settlement.swift in Sources */,
				74DC4B922ED790350098ADA8 /* MainTabView.swift in Sources */,
			);
			runOnlyForDeploymentPostprocessing = 0;
		};
		74729E892EB3C99000D41A34 /* Sources */ = {
			isa = PBXSourcesBuildPhase;
			buildActionMask = 2147483647;
			files = (
				74729E922EB3C99000D41A34 /* apkaTests.swift in Sources */,
			);
			runOnlyForDeploymentPostprocessing = 0;
		};
		74729E932EB3C99000D41A34 /* Sources */ = {
			isa = PBXSourcesBuildPhase;
			buildActionMask = 2147483647;
			files = (
				74729E9C2EB3C99000D41A34 /* apkaUITests.swift in Sources */,
				74729E9E2EB3C99000D41A34 /* apkaUITestsLaunchTests.swift in Sources */,
			);
			runOnlyForDeploymentPostprocessing = 0;
		};
		749408C22F10195F0096F4D5 /* Sources */ = {
			isa = PBXSourcesBuildPhase;
			buildActionMask = 2147483647;
			files = (
			);
			runOnlyForDeploymentPostprocessing = 0;
		};
		749408DD2F101AC10096F4D5 /* Sources */ = {
			isa = PBXSourcesBuildPhase;
			buildActionMask = 2147483647;
			files = (
			);
			runOnlyForDeploymentPostprocessing = 0;
		};
/* End PBXSourcesBuildPhase section */

/* Begin PBXTargetDependency section */
		74729E8F2EB3C99000D41A34 /* PBXTargetDependency */ = {
			isa = PBXTargetDependency;
			target = 74729E7B2EB3C98F00D41A34 /* apka */;
			targetProxy = 74729E8E2EB3C99000D41A34 /* PBXContainerItemProxy */;
		};
		74729E992EB3C99000D41A34 /* PBXTargetDependency */ = {
			isa = PBXTargetDependency;
			target = 74729E7B2EB3C98F00D41A34 /* apka */;
			targetProxy = 74729E982EB3C99000D41A34 /* PBXContainerItemProxy */;
		};
/* End PBXTargetDependency section */

/* Begin XCBuildConfiguration section */
		74729E9F2EB3C99000D41A34 /* Debug */ = {
			isa = XCBuildConfiguration;
			buildSettings = {
				ALWAYS_SEARCH_USER_PATHS = NO;
				ASSETCATALOG_COMPILER_GENERATE_SWIFT_ASSET_SYMBOL_EXTENSIONS = YES;
				CLANG_ANALYZER_NONNULL = YES;
				CLANG_ANALYZER_NUMBER_OBJECT_CONVERSION = YES_AGGRESSIVE;
				CLANG_CXX_LANGUAGE_STANDARD = "gnu++20";
				CLANG_ENABLE_MODULES = YES;
				CLANG_ENABLE_OBJC_ARC = YES;
				CLANG_ENABLE_OBJC_WEAK = YES;
				CLANG_WARN_BLOCK_CAPTURE_AUTORELEASING = YES;
				CLANG_WARN_BOOL_CONVERSION = YES;
				CLANG_WARN_COMMA = YES;
				CLANG_WARN_CONSTANT_CONVERSION = YES;
				CLANG_WARN_DEPRECATED_OBJC_IMPLEMENTATIONS = YES;
				CLANG_WARN_DIRECT_OBJC_ISA_USAGE = YES_ERROR;
				CLANG_WARN_DOCUMENTATION_COMMENTS = YES;
				CLANG_WARN_EMPTY_BODY = YES;
				CLANG_WARN_ENUM_CONVERSION = YES;
				CLANG_WARN_INFINITE_RECURSION = YES;
				CLANG_WARN_INT_CONVERSION = YES;
				CLANG_WARN_NON_LITERAL_NULL_CONVERSION = YES;
				CLANG_WARN_OBJC_IMPLICIT_RETAIN_SELF = YES;
				CLANG_WARN_OBJC_LITERAL_CONVERSION = YES;
				CLANG_WARN_OBJC_ROOT_CLASS = YES_ERROR;
				CLANG_WARN_QUOTED_INCLUDE_IN_FRAMEWORK_HEADER = YES;
				CLANG_WARN_RANGE_LOOP_ANALYSIS = YES;
				CLANG_WARN_STRICT_PROTOTYPES = YES;
				CLANG_WARN_SUSPICIOUS_MOVE = YES;
				CLANG_WARN_UNGUARDED_AVAILABILITY = YES_AGGRESSIVE;
				CLANG_WARN_UNREACHABLE_CODE = YES;
				CLANG_WARN__DUPLICATE_METHOD_MATCH = YES;
				COPY_PHASE_STRIP = NO;
				DEBUG_INFORMATION_FORMAT = dwarf;
				ENABLE_STRICT_OBJC_MSGSEND = YES;
				ENABLE_TESTABILITY = YES;
				ENABLE_USER_SCRIPT_SANDBOXING = YES;
				GCC_C_LANGUAGE_STANDARD = gnu17;
				GCC_DYNAMIC_NO_PIC = NO;
				GCC_NO_COMMON_BLOCKS = YES;
				GCC_OPTIMIZATION_LEVEL = 0;
				GCC_PREPROCESSOR_DEFINITIONS = (
					"DEBUG=1",
					"$(inherited)",
				);
				GCC_WARN_64_TO_32_BIT_CONVERSION = YES;
				GCC_WARN_ABOUT_RETURN_TYPE = YES_ERROR;
				GCC_WARN_UNDECLARED_SELECTOR = YES;
				GCC_WARN_UNINITIALIZED_AUTOS = YES_AGGRESSIVE;
				GCC_WARN_UNUSED_FUNCTION = YES;
				GCC_WARN_UNUSED_VARIABLE = YES;
				LOCALIZATION_PREFERS_STRING_CATALOGS = YES;
				MTL_ENABLE_DEBUG_INFO = INCLUDE_SOURCE;
				MTL_FAST_MATH = YES;
				ONLY_ACTIVE_ARCH = YES;
				SWIFT_ACTIVE_COMPILATION_CONDITIONS = "DEBUG $(inherited)";
				SWIFT_OPTIMIZATION_LEVEL = "-Onone";
			};
			name = Debug;
		};
		74729EA02EB3C99000D41A34 /* Release */ = {
			isa = XCBuildConfiguration;
			buildSettings = {
				ALWAYS_SEARCH_USER_PATHS = NO;
				ASSETCATALOG_COMPILER_GENERATE_SWIFT_ASSET_SYMBOL_EXTENSIONS = YES;
				CLANG_ANALYZER_NONNULL = YES;
				CLANG_ANALYZER_NUMBER_OBJECT_CONVERSION = YES_AGGRESSIVE;
				CLANG_CXX_LANGUAGE_STANDARD = "gnu++20";
				CLANG_ENABLE_MODULES = YES;
				CLANG_ENABLE_OBJC_ARC = YES;
				CLANG_ENABLE_OBJC_WEAK = YES;
				CLANG_WARN_BLOCK_CAPTURE_AUTORELEASING = YES;
				CLANG_WARN_BOOL_CONVERSION = YES;
				CLANG_WARN_COMMA = YES;
				CLANG_WARN_CONSTANT_CONVERSION = YES;
				CLANG_WARN_DEPRECATED_OBJC_IMPLEMENTATIONS = YES;
				CLANG_WARN_DIRECT_OBJC_ISA_USAGE = YES_ERROR;
				CLANG_WARN_DOCUMENTATION_COMMENTS = YES;
				CLANG_WARN_EMPTY_BODY = YES;
				CLANG_WARN_ENUM_CONVERSION = YES;
				CLANG_WARN_INFINITE_RECURSION = YES;
				CLANG_WARN_INT_CONVERSION = YES;
				CLANG_WARN_NON_LITERAL_NULL_CONVERSION = YES;
				CLANG_WARN_OBJC_IMPLICIT_RETAIN_SELF = YES;
				CLANG_WARN_OBJC_LITERAL_CONVERSION = YES;
				CLANG_WARN_OBJC_ROOT_CLASS = YES_ERROR;
				CLANG_WARN_QUOTED_INCLUDE_IN_FRAMEWORK_HEADER = YES;
				CLANG_WARN_RANGE_LOOP_ANALYSIS = YES;
				CLANG_WARN_STRICT_PROTOTYPES = YES;
				CLANG_WARN_SUSPICIOUS_MOVE = YES;
				CLANG_WARN_UNGUARDED_AVAILABILITY = YES_AGGRESSIVE;
				CLANG_WARN_UNREACHABLE_CODE = YES;
				CLANG_WARN__DUPLICATE_METHOD_MATCH = YES;
				COPY_PHASE_STRIP = NO;
				DEBUG_INFORMATION_FORMAT = "dwarf-with-dsym";
				ENABLE_NS_ASSERTIONS = NO;
				ENABLE_STRICT_OBJC_MSGSEND = YES;
				ENABLE_USER_SCRIPT_SANDBOXING = YES;
				GCC_C_LANGUAGE_STANDARD = gnu17;
				GCC_NO_COMMON_BLOCKS = YES;
				GCC_WARN_64_TO_32_BIT_CONVERSION = YES;
				GCC_WARN_ABOUT_RETURN_TYPE = YES_ERROR;
				GCC_WARN_UNDECLARED_SELECTOR = YES;
				GCC_WARN_UNINITIALIZED_AUTOS = YES_AGGRESSIVE;
				GCC_WARN_UNUSED_FUNCTION = YES;
				GCC_WARN_UNUSED_VARIABLE = YES;
				LOCALIZATION_PREFERS_STRING_CATALOGS = YES;
				MTL_ENABLE_DEBUG_INFO = NO;
				MTL_FAST_MATH = YES;
				SWIFT_COMPILATION_MODE = wholemodule;
			};
			name = Release;
		};
		74729EA22EB3C99000D41A34 /* Debug */ = {
			isa = XCBuildConfiguration;
			buildSettings = {
				ASSETCATALOG_COMPILER_APPICON_NAME = AppIcon;
				ASSETCATALOG_COMPILER_GLOBAL_ACCENT_COLOR_NAME = AccentColor;
				CODE_SIGN_ENTITLEMENTS = apka/apka.entitlements;
				CODE_SIGN_STYLE = Automatic;
				CURRENT_PROJECT_VERSION = 1;
				DEVELOPMENT_ASSET_PATHS = "\"apka/Preview Content\"";
				ENABLE_PREVIEWS = YES;
				GENERATE_INFOPLIST_FILE = YES;
				"INFOPLIST_KEY_UIApplicationSceneManifest_Generation[sdk=iphoneos*]" = YES;
				"INFOPLIST_KEY_UIApplicationSceneManifest_Generation[sdk=iphonesimulator*]" = YES;
				"INFOPLIST_KEY_UIApplicationSupportsIndirectInputEvents[sdk=iphoneos*]" = YES;
				"INFOPLIST_KEY_UIApplicationSupportsIndirectInputEvents[sdk=iphonesimulator*]" = YES;
				"INFOPLIST_KEY_UILaunchScreen_Generation[sdk=iphoneos*]" = YES;
				"INFOPLIST_KEY_UILaunchScreen_Generation[sdk=iphonesimulator*]" = YES;
				"INFOPLIST_KEY_UIStatusBarStyle[sdk=iphoneos*]" = UIStatusBarStyleDefault;
				"INFOPLIST_KEY_UIStatusBarStyle[sdk=iphonesimulator*]" = UIStatusBarStyleDefault;
				INFOPLIST_KEY_UISupportedInterfaceOrientations_iPad = "UIInterfaceOrientationPortrait UIInterfaceOrientationPortraitUpsideDown UIInterfaceOrientationLandscapeLeft UIInterfaceOrientationLandscapeRight";
				INFOPLIST_KEY_UISupportedInterfaceOrientations_iPhone = "UIInterfaceOrientationPortrait UIInterfaceOrientationLandscapeLeft UIInterfaceOrientationLandscapeRight";
				IPHONEOS_DEPLOYMENT_TARGET = 17.2;
				LD_RUNPATH_SEARCH_PATHS = "@executable_path/Frameworks";
				"LD_RUNPATH_SEARCH_PATHS[sdk=macosx*]" = "@executable_path/../Frameworks";
				MACOSX_DEPLOYMENT_TARGET = 14.2;
				MARKETING_VERSION = 1.0;
				PRODUCT_BUNDLE_IDENTIFIER = R.apka;
				PRODUCT_NAME = "$(TARGET_NAME)";
				SDKROOT = auto;
				SUPPORTED_PLATFORMS = "iphoneos iphonesimulator macosx";
				SWIFT_EMIT_LOC_STRINGS = YES;
				SWIFT_VERSION = 5.0;
				TARGETED_DEVICE_FAMILY = "1,2";
			};
			name = Debug;
		};
		74729EA32EB3C99000D41A34 /* Release */ = {
			isa = XCBuildConfiguration;
			buildSettings = {
				ASSETCATALOG_COMPILER_APPICON_NAME = AppIcon;
				ASSETCATALOG_COMPILER_GLOBAL_ACCENT_COLOR_NAME = AccentColor;
				CODE_SIGN_ENTITLEMENTS = apka/apka.entitlements;
				CODE_SIGN_STYLE = Automatic;
				CURRENT_PROJECT_VERSION = 1;
				DEVELOPMENT_ASSET_PATHS = "\"apka/Preview Content\"";
				ENABLE_PREVIEWS = YES;
				GENERATE_INFOPLIST_FILE = YES;
				"INFOPLIST_KEY_UIApplicationSceneManifest_Generation[sdk=iphoneos*]" = YES;
				"INFOPLIST_KEY_UIApplicationSceneManifest_Generation[sdk=iphonesimulator*]" = YES;
				"INFOPLIST_KEY_UIApplicationSupportsIndirectInputEvents[sdk=iphoneos*]" = YES;
				"INFOPLIST_KEY_UIApplicationSupportsIndirectInputEvents[sdk=iphonesimulator*]" = YES;
				"INFOPLIST_KEY_UILaunchScreen_Generation[sdk=iphoneos*]" = YES;
				"INFOPLIST_KEY_UILaunchScreen_Generation[sdk=iphonesimulator*]" = YES;
				"INFOPLIST_KEY_UIStatusBarStyle[sdk=iphoneos*]" = UIStatusBarStyleDefault;
				"INFOPLIST_KEY_UIStatusBarStyle[sdk=iphonesimulator*]" = UIStatusBarStyleDefault;
				INFOPLIST_KEY_UISupportedInterfaceOrientations_iPad = "UIInterfaceOrientationPortrait UIInterfaceOrientationPortraitUpsideDown UIInterfaceOrientationLandscapeLeft UIInterfaceOrientationLandscapeRight";
				INFOPLIST_KEY_UISupportedInterfaceOrientations_iPhone = "UIInterfaceOrientationPortrait UIInterfaceOrientationLandscapeLeft UIInterfaceOrientationLandscapeRight";
				IPHONEOS_DEPLOYMENT_TARGET = 17.2;
				LD_RUNPATH_SEARCH_PATHS = "@executable_path/Frameworks";
				"LD_RUNPATH_SEARCH_PATHS[sdk=macosx*]" = "@executable_path/../Frameworks";
				MACOSX_DEPLOYMENT_TARGET = 14.2;
				MARKETING_VERSION = 1.0;
				PRODUCT_BUNDLE_IDENTIFIER = R.apka;
				PRODUCT_NAME = "$(TARGET_NAME)";
				SDKROOT = auto;
				SUPPORTED_PLATFORMS = "iphoneos iphonesimulator macosx";
				SWIFT_EMIT_LOC_STRINGS = YES;
				SWIFT_VERSION = 5.0;
				TARGETED_DEVICE_FAMILY = "1,2";
			};
			name = Release;
		};
		74729EA52EB3C99000D41A34 /* Debug */ = {
			isa = XCBuildConfiguration;
			buildSettings = {
				ALWAYS_EMBED_SWIFT_STANDARD_LIBRARIES = YES;
				BUNDLE_LOADER = "$(TEST_HOST)";
				CODE_SIGN_STYLE = Automatic;
				CURRENT_PROJECT_VERSION = 1;
				GENERATE_INFOPLIST_FILE = YES;
				IPHONEOS_DEPLOYMENT_TARGET = 17.2;
				MACOSX_DEPLOYMENT_TARGET = 14.2;
				MARKETING_VERSION = 1.0;
				PRODUCT_BUNDLE_IDENTIFIER = R.apkaTests;
				PRODUCT_NAME = "$(TARGET_NAME)";
				SDKROOT = auto;
				SUPPORTED_PLATFORMS = "iphoneos iphonesimulator macosx";
				SWIFT_EMIT_LOC_STRINGS = NO;
				SWIFT_VERSION = 5.0;
				TARGETED_DEVICE_FAMILY = "1,2";
				TEST_HOST = "$(BUILT_PRODUCTS_DIR)/apka.app/$(BUNDLE_EXECUTABLE_FOLDER_PATH)/apka";
			};
			name = Debug;
		};
		74729EA62EB3C99000D41A34 /* Release */ = {
			isa = XCBuildConfiguration;
			buildSettings = {
				ALWAYS_EMBED_SWIFT_STANDARD_LIBRARIES = YES;
				BUNDLE_LOADER = "$(TEST_HOST)";
				CODE_SIGN_STYLE = Automatic;
				CURRENT_PROJECT_VERSION = 1;
				GENERATE_INFOPLIST_FILE = YES;
				IPHONEOS_DEPLOYMENT_TARGET = 17.2;
				MACOSX_DEPLOYMENT_TARGET = 14.2;
				MARKETING_VERSION = 1.0;
				PRODUCT_BUNDLE_IDENTIFIER = R.apkaTests;
				PRODUCT_NAME = "$(TARGET_NAME)";
				SDKROOT = auto;
				SUPPORTED_PLATFORMS = "iphoneos iphonesimulator macosx";
				SWIFT_EMIT_LOC_STRINGS = NO;
				SWIFT_VERSION = 5.0;
				TARGETED_DEVICE_FAMILY = "1,2";
				TEST_HOST = "$(BUILT_PRODUCTS_DIR)/apka.app/$(BUNDLE_EXECUTABLE_FOLDER_PATH)/apka";
			};
			name = Release;
		};
		74729EA82EB3C99000D41A34 /* Debug */ = {
			isa = XCBuildConfiguration;
			buildSettings = {
				ALWAYS_EMBED_SWIFT_STANDARD_LIBRARIES = YES;
				CODE_SIGN_STYLE = Automatic;
				CURRENT_PROJECT_VERSION = 1;
				GENERATE_INFOPLIST_FILE = YES;
				IPHONEOS_DEPLOYMENT_TARGET = 17.2;
				MACOSX_DEPLOYMENT_TARGET = 14.2;
				MARKETING_VERSION = 1.0;
				PRODUCT_BUNDLE_IDENTIFIER = R.apkaUITests;
				PRODUCT_NAME = "$(TARGET_NAME)";
				SDKROOT = auto;
				SUPPORTED_PLATFORMS = "iphoneos iphonesimulator macosx";
				SWIFT_EMIT_LOC_STRINGS = NO;
				SWIFT_VERSION = 5.0;
				TARGETED_DEVICE_FAMILY = "1,2";
				TEST_TARGET_NAME = apka;
			};
			name = Debug;
		};
		74729EA92EB3C99000D41A34 /* Release */ = {
			isa = XCBuildConfiguration;
			buildSettings = {
				ALWAYS_EMBED_SWIFT_STANDARD_LIBRARIES = YES;
				CODE_SIGN_STYLE = Automatic;
				CURRENT_PROJECT_VERSION = 1;
				GENERATE_INFOPLIST_FILE = YES;
				IPHONEOS_DEPLOYMENT_TARGET = 17.2;
				MACOSX_DEPLOYMENT_TARGET = 14.2;
				MARKETING_VERSION = 1.0;
				PRODUCT_BUNDLE_IDENTIFIER = R.apkaUITests;
				PRODUCT_NAME = "$(TARGET_NAME)";
				SDKROOT = auto;
				SUPPORTED_PLATFORMS = "iphoneos iphonesimulator macosx";
				SWIFT_EMIT_LOC_STRINGS = NO;
				SWIFT_VERSION = 5.0;
				TARGETED_DEVICE_FAMILY = "1,2";
				TEST_TARGET_NAME = apka;
			};
			name = Release;
		};
		749408D72F1019610096F4D5 /* Debug */ = {
			isa = XCBuildConfiguration;
			buildSettings = {
				ASSETCATALOG_COMPILER_APPICON_NAME = "iMessage App Icon";
				CODE_SIGN_STYLE = Automatic;
				CURRENT_PROJECT_VERSION = 1;
				GENERATE_INFOPLIST_FILE = YES;
				INFOPLIST_FILE = IMessageExtension/Info.plist;
				INFOPLIST_KEY_CFBundleDisplayName = IMessageExtension;
				INFOPLIST_KEY_NSHumanReadableCopyright = "";
				IPHONEOS_DEPLOYMENT_TARGET = 17.2;
				LD_RUNPATH_SEARCH_PATHS = (
					"$(inherited)",
					"@executable_path/Frameworks",
					"@executable_path/../../Frameworks",
				);
				MARKETING_VERSION = 1.0;
				PRODUCT_BUNDLE_IDENTIFIER = R.apka.IMessageExtension;
				PRODUCT_NAME = "$(TARGET_NAME)";
				SDKROOT = iphoneos;
				SKIP_INSTALL = YES;
				SWIFT_EMIT_LOC_STRINGS = YES;
				SWIFT_VERSION = 5.0;
				TARGETED_DEVICE_FAMILY = "1,2";
			};
			name = Debug;
		};
		749408D82F1019610096F4D5 /* Release */ = {
			isa = XCBuildConfiguration;
			buildSettings = {
				ASSETCATALOG_COMPILER_APPICON_NAME = "iMessage App Icon";
				CODE_SIGN_STYLE = Automatic;
				CURRENT_PROJECT_VERSION = 1;
				GENERATE_INFOPLIST_FILE = YES;
				INFOPLIST_FILE = IMessageExtension/Info.plist;
				INFOPLIST_KEY_CFBundleDisplayName = IMessageExtension;
				INFOPLIST_KEY_NSHumanReadableCopyright = "";
				IPHONEOS_DEPLOYMENT_TARGET = 17.2;
				LD_RUNPATH_SEARCH_PATHS = (
					"$(inherited)",
					"@executable_path/Frameworks",
					"@executable_path/../../Frameworks",
				);
				MARKETING_VERSION = 1.0;
				PRODUCT_BUNDLE_IDENTIFIER = R.apka.IMessageExtension;
				PRODUCT_NAME = "$(TARGET_NAME)";
				SDKROOT = iphoneos;
				SKIP_INSTALL = YES;
				SWIFT_EMIT_LOC_STRINGS = YES;
				SWIFT_VERSION = 5.0;
				TARGETED_DEVICE_FAMILY = "1,2";
				VALIDATE_PRODUCT = YES;
			};
			name = Release;
		};
		749408F02F101AC20096F4D5 /* Debug */ = {
			isa = XCBuildConfiguration;
			buildSettings = {
				ASSETCATALOG_COMPILER_APPICON_NAME = "iMessage App Icon";
				CODE_SIGN_STYLE = Automatic;
				CURRENT_PROJECT_VERSION = 1;
				GENERATE_INFOPLIST_FILE = YES;
				INFOPLIST_FILE = DebtMessages/Info.plist;
				INFOPLIST_KEY_CFBundleDisplayName = DebtMessages;
				INFOPLIST_KEY_NSHumanReadableCopyright = "";
				IPHONEOS_DEPLOYMENT_TARGET = 17.2;
				LD_RUNPATH_SEARCH_PATHS = (
					"$(inherited)",
					"@executable_path/Frameworks",
					"@executable_path/../../Frameworks",
				);
				MARKETING_VERSION = 1.0;
				PRODUCT_BUNDLE_IDENTIFIER = R.apka.DebtMessages;
				PRODUCT_NAME = "$(TARGET_NAME)";
				SDKROOT = iphoneos;
				SKIP_INSTALL = YES;
				SWIFT_EMIT_LOC_STRINGS = YES;
				SWIFT_VERSION = 5.0;
				TARGETED_DEVICE_FAMILY = "1,2";
			};
			name = Debug;
		};
		749408F12F101AC20096F4D5 /* Release */ = {
			isa = XCBuildConfiguration;
			buildSettings = {
				ASSETCATALOG_COMPILER_APPICON_NAME = "iMessage App Icon";
				CODE_SIGN_STYLE = Automatic;
				CURRENT_PROJECT_VERSION = 1;
				GENERATE_INFOPLIST_FILE = YES;
				INFOPLIST_FILE = DebtMessages/Info.plist;
				INFOPLIST_KEY_CFBundleDisplayName = DebtMessages;
				INFOPLIST_KEY_NSHumanReadableCopyright = "";
				IPHONEOS_DEPLOYMENT_TARGET = 17.2;
				LD_RUNPATH_SEARCH_PATHS = (
					"$(inherited)",
					"@executable_path/Frameworks",
					"@executable_path/../../Frameworks",
				);
				MARKETING_VERSION = 1.0;
				PRODUCT_BUNDLE_IDENTIFIER = R.apka.DebtMessages;
				PRODUCT_NAME = "$(TARGET_NAME)";
				SDKROOT = iphoneos;
				SKIP_INSTALL = YES;
				SWIFT_EMIT_LOC_STRINGS = YES;
				SWIFT_VERSION = 5.0;
				TARGETED_DEVICE_FAMILY = "1,2";
				VALIDATE_PRODUCT = YES;
			};
			name = Release;
		};
/* End XCBuildConfiguration section */

/* Begin XCConfigurationList section */
		74729E772EB3C98F00D41A34 /* Build configuration list for PBXProject "apka" */ = {
			isa = XCConfigurationList;
			buildConfigurations = (
				74729E9F2EB3C99000D41A34 /* Debug */,
				74729EA02EB3C99000D41A34 /* Release */,
			);
			defaultConfigurationIsVisible = 0;
			defaultConfigurationName = Release;
		};
		74729EA12EB3C99000D41A34 /* Build configuration list for PBXNativeTarget "apka" */ = {
			isa = XCConfigurationList;
			buildConfigurations = (
				74729EA22EB3C99000D41A34 /* Debug */,
				74729EA32EB3C99000D41A34 /* Release */,
			);
			defaultConfigurationIsVisible = 0;
			defaultConfigurationName = Release;
		};
		74729EA42EB3C99000D41A34 /* Build configuration list for PBXNativeTarget "apkaTests" */ = {
			isa = XCConfigurationList;
			buildConfigurations = (
				74729EA52EB3C99000D41A34 /* Debug */,
				74729EA62EB3C99000D41A34 /* Release */,
			);
			defaultConfigurationIsVisible = 0;
			defaultConfigurationName = Release;
		};
		74729EA72EB3C99000D41A34 /* Build configuration list for PBXNativeTarget "apkaUITests" */ = {
			isa = XCConfigurationList;
			buildConfigurations = (
				74729EA82EB3C99000D41A34 /* Debug */,
				74729EA92EB3C99000D41A34 /* Release */,
			);
			defaultConfigurationIsVisible = 0;
			defaultConfigurationName = Release;
		};
		749408D92F1019610096F4D5 /* Build configuration list for PBXNativeTarget "IMessageExtension" */ = {
			isa = XCConfigurationList;
			buildConfigurations = (
				749408D72F1019610096F4D5 /* Debug */,
				749408D82F1019610096F4D5 /* Release */,
			);
			defaultConfigurationIsVisible = 0;
			defaultConfigurationName = Release;
		};
		749408EF2F101AC20096F4D5 /* Build configuration list for PBXNativeTarget "DebtMessages" */ = {
			isa = XCConfigurationList;
			buildConfigurations = (
				749408F02F101AC20096F4D5 /* Debug */,
				749408F12F101AC20096F4D5 /* Release */,
			);
			defaultConfigurationIsVisible = 0;
			defaultConfigurationName = Release;
		};
/* End XCConfigurationList section */
	};
	rootObject = 74729E742EB3C98F00D41A34 /* Project object */;
}
